{
  "name": "neew",
  "lockfileVersion": 3,
  "requires": true,
  "packages": {
    "": {
      "dependencies": {
        "@sweetalert2/theme-borderless": "^5.0.15",
        "@sweetalert2/theme-dark": "^5.0.15",
        "sweetalert2": "^11.7.31"
      }
    },
    "node_modules/@sweetalert2/theme-borderless": {
      "version": "5.0.15",
      "resolved": "https://registry.npmjs.org/@sweetalert2/theme-borderless/-/theme-borderless-5.0.15.tgz",
      "integrity": "sha512-b/aXo629ewNomMSdHaEC5TZgHCWW2blGhU5FhNRWyr6gEONeASvY3rW/8Wwr/fzdF76+hLC7Emgd43m7mP5GVQ=="
    },
    "node_modules/@sweetalert2/theme-dark": {
      "version": "5.0.15",
      "resolved": "https://registry.npmjs.org/@sweetalert2/theme-dark/-/theme-dark-5.0.15.tgz",
      "integrity": "sha512-g1QCwQVOkiAz5hIEBOIvvu0580lubu4KuQlod+48QetYzGIEXNlHEH36QihCDnGVgE6vx48iO48w9q0WrZWyHQ=="
    },
    "node_modules/sweetalert2": {
      "version": "11.7.31",
      "resolved": "https://registry.npmjs.org/sweetalert2/-/sweetalert2-11.7.31.tgz",
      "integrity": "sha512-AVNODg41LqhC241UHTanW2ZQdh0ziiw+Gc3Dmy1EuCFP+g09P3mBEhvauU88J3JLEX6UpTfhp7iok9t8uhEdQQ==",
      "funding": {
        "type": "individual",
        "url": "https://github.com/sponsors/limonte"
      }
    }
  }
}
